
Microsoft Visual Studio Solution File, Format Version 12.00
# Visual Studio Version 17
VisualStudioVersion = 17.9.34622.214
MinimumVisualStudioVersion = 10.0.40219.1
Project("{2150E333-8FDC-42A3-9474-1A3956D46DE8}") = "Day 1", "Day 1", "{47B9A291-8BB6-404F-97DA-939FBB6EA61E}"
EndProject
Project("{2150E333-8FDC-42A3-9474-1A3956D46DE8}") = "Day 2", "Day 2", "{B8843880-FB1A-4CAA-AC4C-DA7B9A55DDFC}"
EndProject
Project("{2150E333-8FDC-42A3-9474-1A3956D46DE8}") = "Day 3", "Day 3", "{FCDC190E-54A0-4FD9-9176-99F24510906A}"
EndProject
Project("{2150E333-8FDC-42A3-9474-1A3956D46DE8}") = "DependencyInjection", "DependencyInjection", "{15E87F0D-D8C5-452A-A039-5B4CA3760E2E}"
EndProject
Project("{2150E333-8FDC-42A3-9474-1A3956D46DE8}") = "EnvironmentsAndLogging", "EnvironmentsAndLogging", "{8922BDA6-46F3-4839-A49D-A11AF4D07C0C}"
EndProject
Project("{2150E333-8FDC-42A3-9474-1A3956D46DE8}") = "NetCoreHostingAndConfiguration", "NetCoreHostingAndConfiguration", "{3A04CB4C-FE58-4BB6-BD3C-71F81725004C}"
EndProject
Project("{2150E333-8FDC-42A3-9474-1A3956D46DE8}") = "NetCoreWebAppFlavors", "NetCoreWebAppFlavors", "{A83F3454-3C06-4CFA-80A8-AEC88FB1FEA6}"
EndProject
Project("{9A19103F-16F7-4668-BE54-9A1E7A4F7556}") = "DI.Tutorial", "Day 1\DependencyInjection\DI.Tutorial\DI.Tutorial.csproj", "{B8F3E337-D7C5-4062-A9AF-E1D6EB3B309C}"
EndProject
Project("{9A19103F-16F7-4668-BE54-9A1E7A4F7556}") = "DI.ServiceLifetime", "Day 1\DependencyInjection\DI.ServiceLifetime\DI.ServiceLifetime.csproj", "{E9EAB2BE-28BB-4A25-BC2F-3C82EFA8FDD1}"
EndProject
Project("{9A19103F-16F7-4668-BE54-9A1E7A4F7556}") = "DI.MVC", "Day 1\DependencyInjection\DI.MVC\DI.MVC.csproj", "{8A0F304B-3B45-4E20-9CAF-012FF08BDFEC}"
EndProject
Project("{9A19103F-16F7-4668-BE54-9A1E7A4F7556}") = "EnvironmentsSample", "Day 1\EnvironmentsAndLogging\EnvironmentsSample\EnvironmentsSample.csproj", "{314ABDA5-9ABD-4EC6-9A6B-63B3358DCF45}"
EndProject
Project("{9A19103F-16F7-4668-BE54-9A1E7A4F7556}") = "LoggingOptions", "Day 1\EnvironmentsAndLogging\LoggingOptions\LoggingOptions.csproj", "{6117BCEB-9732-4295-A7D0-8D71339EF83C}"
EndProject
Project("{9A19103F-16F7-4668-BE54-9A1E7A4F7556}") = "HostingModels", "Day 1\NetCoreHostingAndConfiguration\HostingModels\HostingModels.csproj", "{86B66F5B-992E-4FDE-A5FA-77262EB2EC9F}"
EndProject
Project("{9A19103F-16F7-4668-BE54-9A1E7A4F7556}") = "NetCoreConfiguration", "Day 1\NetCoreHostingAndConfiguration\NetCoreConfiguration\NetCoreConfiguration.csproj", "{A8DA0C98-BC43-4877-AB7B-FE79A9ECDAED}"
EndProject
Project("{9A19103F-16F7-4668-BE54-9A1E7A4F7556}") = "WebAppCore.MVC", "Day 1\NetCoreWebAppFlavors\WebAppCore.MVC\WebAppCore.MVC.csproj", "{D680E909-2CD8-4572-9973-E71D7E04D75A}"
EndProject
Project("{9A19103F-16F7-4668-BE54-9A1E7A4F7556}") = "WebAppCore.RazorPages", "Day 1\NetCoreWebAppFlavors\WebAppCore.RazorPages\WebAppCore.RazorPages.csproj", "{FAAEF5D1-66EE-48FE-BFA6-2334EE2A850C}"
EndProject
Project("{9A19103F-16F7-4668-BE54-9A1E7A4F7556}") = "WebAppCore.Blazor", "Day 1\NetCoreWebAppFlavors\WebAppCore.Blazor\WebAppCore.Blazor.csproj", "{C2631AC6-1DA5-4BCE-BE8D-7C8B3B8AC63A}"
EndProject
Project("{2150E333-8FDC-42A3-9474-1A3956D46DE8}") = "AsyncAwait", "AsyncAwait", "{77C3A982-84AC-4A58-BA3D-C98468FE1C9B}"
EndProject
Project("{2150E333-8FDC-42A3-9474-1A3956D46DE8}") = "ThreadingAndSynchronization", "ThreadingAndSynchronization", "{86E23F8C-0838-45D1-A8AF-6A303B4D523A}"
EndProject
Project("{2150E333-8FDC-42A3-9474-1A3956D46DE8}") = "Channels", "Channels", "{A566B0EA-AC31-4766-9397-C0221721AED4}"
EndProject
Project("{9A19103F-16F7-4668-BE54-9A1E7A4F7556}") = "AsyncAwaitBestPractices", "Day 2\AsyncAwait\AsyncAwaitBestPractices\AsyncAwaitBestPractices.csproj", "{E5E2E767-43DB-4BEB-94E6-1EA9A2DEC7FC}"
EndProject
Project("{9A19103F-16F7-4668-BE54-9A1E7A4F7556}") = "AsyncMethodReturnTypes", "Day 2\AsyncAwait\AsyncMethodReturnTypes\AsyncMethodReturnTypes.csproj", "{D834753D-FED5-4C75-BBC0-11729F8B1B0E}"
EndProject
Project("{9A19103F-16F7-4668-BE54-9A1E7A4F7556}") = "AsyncStreamsNetwork", "Day 2\AsyncAwait\AsyncStreams\AsyncStreamsNetwork.csproj", "{93B9071C-CEC6-44F8-AF14-93BC2165BCF0}"
EndProject
Project("{9A19103F-16F7-4668-BE54-9A1E7A4F7556}") = "AsyncStreamsBasic", "Day 2\AsyncAwait\AsyncStreamsBasic\AsyncStreamsBasic.csproj", "{CBB53D74-3139-4AC6-8EA5-388F8A779BF4}"
EndProject
Project("{9A19103F-16F7-4668-BE54-9A1E7A4F7556}") = "CPUBoundOperation", "Day 2\AsyncAwait\CPUBoundOperation\CPUBoundOperation.csproj", "{F66FAA4B-55CF-49DF-9CEA-D1384735000C}"
EndProject
Project("{9A19103F-16F7-4668-BE54-9A1E7A4F7556}") = "IOBoundOperation", "Day 2\AsyncAwait\IOBoundOperation\IOBoundOperation.csproj", "{E00C48BE-0D57-40D8-AFEA-01DAE21973BB}"
EndProject
Project("{9A19103F-16F7-4668-BE54-9A1E7A4F7556}") = "PagingApiServer", "Day 2\AsyncAwait\PagingApiServer\PagingApiServer.csproj", "{2FC4E2E5-C3F6-43F0-B0F9-82EBC1CF03A6}"
EndProject
Project("{9A19103F-16F7-4668-BE54-9A1E7A4F7556}") = "SimpleChannelImplementation", "Day 2\Channels\SimpleChannelImplementation\SimpleChannelImplementation.csproj", "{4635D1DA-879A-4B81-8B6B-3998D5CA18E8}"
EndProject
Project("{9A19103F-16F7-4668-BE54-9A1E7A4F7556}") = "SystemThreadingChannelsDemo", "Day 2\Channels\SystemThreadingChannelsDemo\SystemThreadingChannelsDemo.csproj", "{832B09D9-1343-42B2-A52E-EE1F092705CD}"
EndProject
Project("{FAE04EC0-301F-11D3-BF4B-00C04F79EFBC}") = "ExceptionHandling", "Day 2\ThreadingAndSynchronization\ExceptionHandling\ExceptionHandling.csproj", "{5F4EB054-0297-4EA2-970A-A6E2F422B5A6}"
EndProject
Project("{FAE04EC0-301F-11D3-BF4B-00C04F79EFBC}") = "RaceCondition", "Day 2\ThreadingAndSynchronization\RaceCondition\RaceCondition.csproj", "{F0C9D68C-482A-41F6-826A-D7EDCCC63902}"
EndProject
Project("{FAE04EC0-301F-11D3-BF4B-00C04F79EFBC}") = "TaskCompletionSource", "Day 2\ThreadingAndSynchronization\TaskCompletionSource\TaskCompletionSource.csproj", "{17385BE9-333F-4134-B4EB-287B43109925}"
EndProject
Project("{FAE04EC0-301F-11D3-BF4B-00C04F79EFBC}") = "TaskParallelLibraryIntroduction", "Day 2\ThreadingAndSynchronization\TaskParallelLibraryIntroduction\TaskParallelLibraryIntroduction.csproj", "{BEA449C6-2ED5-4EE6-8EC5-E0ED2D907713}"
EndProject
Project("{9A19103F-16F7-4668-BE54-9A1E7A4F7556}") = "NetCoreWebApiDemo", "Day 2\AsyncAwait\NetCoreWebApiDemo\NetCoreWebApiDemo.csproj", "{6F687834-FF33-4502-89FE-35D9C8EE2A22}"
EndProject
Project("{2150E333-8FDC-42A3-9474-1A3956D46DE8}") = "HandlingTransactions", "HandlingTransactions", "{FD247E36-7FAC-4856-A16A-10253667B9BE}"
EndProject
Project("{2150E333-8FDC-42A3-9474-1A3956D46DE8}") = "GenericsCreation", "GenericsCreation", "{78847D30-740C-489D-8176-EADCEB0119C2}"
EndProject
Project("{2150E333-8FDC-42A3-9474-1A3956D46DE8}") = "GenericsAndCollections", "GenericsAndCollections", "{03AF8772-896A-41DD-B141-A689CE63CD65}"
EndProject
Project("{2150E333-8FDC-42A3-9474-1A3956D46DE8}") = "DotNetAssemblies", "DotNetAssemblies", "{48E836DE-AA98-40C5-A09A-0B3F781AE2B4}"
EndProject
Project("{9A19103F-16F7-4668-BE54-9A1E7A4F7556}") = "TransactionBasicDemo", "Day 3\HandlingTransactions\TransactionBasicDemo\TransactionBasicDemo.csproj", "{BF9296F8-3086-4885-A657-8D8DEF90E990}"
EndProject
Project("{FAE04EC0-301F-11D3-BF4B-00C04F79EFBC}") = "TransactionScopeDemo", "Day 3\HandlingTransactions\TransactionScopeDemo\TransactionScopeDemo.csproj", "{DF73D64C-DF27-4DCE-B7A6-DB6AD832321C}"
EndProject
Project("{9A19103F-16F7-4668-BE54-9A1E7A4F7556}") = "CreatingGenerics", "Day 3\GenericsCreation\CreatingGenerics\CreatingGenerics.csproj", "{9CF1BD46-33BC-43A2-8FC0-67C1F9602F69}"
EndProject
Project("{9A19103F-16F7-4668-BE54-9A1E7A4F7556}") = "GenericConstraints", "Day 3\GenericsCreation\GenericConstraints\GenericConstraints.csproj", "{03AB921E-BB04-4160-9C4C-3A92DF3E816E}"
EndProject
Project("{9A19103F-16F7-4668-BE54-9A1E7A4F7556}") = "CoAndContravariance", "Day 3\GenericsCreation\CoAndContravariance\CoAndContravariance.csproj", "{C6E4307C-BB7E-4540-BF3F-D0BE7B52D36E}"
EndProject
Project("{9A19103F-16F7-4668-BE54-9A1E7A4F7556}") = "BasicGenericsExampleUse", "Day 3\GenericsAndCollections\BasicGenericsExampleUse\BasicGenericsExampleUse.csproj", "{1438BDA9-8C9C-4066-90BF-CD5D21B223C3}"
EndProject
Project("{9A19103F-16F7-4668-BE54-9A1E7A4F7556}") = "ArrayListVsGenericList", "Day 3\GenericsAndCollections\ArrayListVsGenericList\ArrayListVsGenericList.csproj", "{63495634-C2B4-4446-9D16-1A38A2BD9EC9}"
EndProject
Project("{9A19103F-16F7-4668-BE54-9A1E7A4F7556}") = "DictionaryBasics", "Day 3\GenericsAndCollections\DictionaryBasics\DictionaryBasics.csproj", "{8D5B745E-F57C-4E41-A1D3-0592D32624F2}"
EndProject
Project("{9A19103F-16F7-4668-BE54-9A1E7A4F7556}") = "GenericTypes", "Day 3\GenericsAndCollections\GenericTypes\GenericTypes.csproj", "{B335BC93-4411-472D-A2F9-4B0D3F80460B}"
EndProject
Project("{9A19103F-16F7-4668-BE54-9A1E7A4F7556}") = "HashSetBasics", "Day 3\GenericsAndCollections\HashSetBasics\HashSetBasics.csproj", "{AC6E0420-D04A-49B6-A269-63A4D13D7B0E}"
EndProject
Project("{9A19103F-16F7-4668-BE54-9A1E7A4F7556}") = "LinkedListBasics", "Day 3\GenericsAndCollections\LinkedListBasics\LinkedListBasics.csproj", "{01789009-F4F5-433D-8325-1D103373DF61}"
EndProject
Project("{9A19103F-16F7-4668-BE54-9A1E7A4F7556}") = "ListBasics", "Day 3\GenericsAndCollections\ListBasics\ListBasics.csproj", "{3EEF1A29-F624-40B5-A735-DB467076FE1E}"
EndProject
Project("{9A19103F-16F7-4668-BE54-9A1E7A4F7556}") = "QueueBasics", "Day 3\GenericsAndCollections\QueueBasics\QueueBasics.csproj", "{AD506BE4-43CE-42C6-B509-FBBB74A6DEF9}"
EndProject
Project("{9A19103F-16F7-4668-BE54-9A1E7A4F7556}") = "SortedDictionaryBasics", "Day 3\GenericsAndCollections\SortedDictionaryBasics\SortedDictionaryBasics.csproj", "{A9CD14D7-339A-454F-954C-2B720AD2E54C}"
EndProject
Project("{9A19103F-16F7-4668-BE54-9A1E7A4F7556}") = "StackBasics", "Day 3\GenericsAndCollections\StackBasics\StackBasics.csproj", "{78DE87DC-2117-4378-B682-9959F99FD18C}"
EndProject
Project("{2150E333-8FDC-42A3-9474-1A3956D46DE8}") = "AssemblyBasicDemo", "AssemblyBasicDemo", "{9861788C-2F85-4FA7-9108-EA0EA3C08E27}"
	ProjectSection(SolutionItems) = preProject
		Day 3\DotNetAssemblies\AssemblyBasicDemo\Instructions.md = Day 3\DotNetAssemblies\AssemblyBasicDemo\Instructions.md
		Day 3\DotNetAssemblies\AssemblyBasicDemo\MainClass.cs = Day 3\DotNetAssemblies\AssemblyBasicDemo\MainClass.cs
		Day 3\DotNetAssemblies\AssemblyBasicDemo\MyCSharpClass.cs = Day 3\DotNetAssemblies\AssemblyBasicDemo\MyCSharpClass.cs
		Day 3\DotNetAssemblies\AssemblyBasicDemo\MyVBClass.vb = Day 3\DotNetAssemblies\AssemblyBasicDemo\MyVBClass.vb
	EndProjectSection
EndProject
Project("{2150E333-8FDC-42A3-9474-1A3956D46DE8}") = "AssemblyVsDll", "AssemblyVsDll", "{1E10DDA0-D6D8-4FBC-BEBD-92E7589CFEC1}"
	ProjectSection(SolutionItems) = preProject
		Day 3\DotNetAssemblies\AssemblyVsDll\Instructions.md = Day 3\DotNetAssemblies\AssemblyVsDll\Instructions.md
		Day 3\DotNetAssemblies\AssemblyVsDll\MyFirstModule.cs = Day 3\DotNetAssemblies\AssemblyVsDll\MyFirstModule.cs
		Day 3\DotNetAssemblies\AssemblyVsDll\MySecondModule.cs = Day 3\DotNetAssemblies\AssemblyVsDll\MySecondModule.cs
		Day 3\DotNetAssemblies\AssemblyVsDll\Program.cs = Day 3\DotNetAssemblies\AssemblyVsDll\Program.cs
	EndProjectSection
EndProject
Project("{2150E333-8FDC-42A3-9474-1A3956D46DE8}") = "DllVsExe", "DllVsExe", "{F4DAE806-8F35-4F59-9BBB-5E58AE6AFFE7}"
	ProjectSection(SolutionItems) = preProject
		Day 3\DotNetAssemblies\DllVsExe\Instructions.md = Day 3\DotNetAssemblies\DllVsExe\Instructions.md
		Day 3\DotNetAssemblies\DllVsExe\MainClass.cs = Day 3\DotNetAssemblies\DllVsExe\MainClass.cs
	EndProjectSection
EndProject
Project("{9A19103F-16F7-4668-BE54-9A1E7A4F7556}") = "ThreadBasicDemo", "Day 2\ThreadingAndSynchronization\ThreadBasicDemo\ThreadBasicDemo.csproj", "{E92277B6-5808-4754-B00A-5A831106BC83}"
EndProject
Project("{9A19103F-16F7-4668-BE54-9A1E7A4F7556}") = "ContextSwitching", "Day 2\ThreadingAndSynchronization\ContextSwitching\ContextSwitching.csproj", "{3635CED2-94CB-4E5E-A31A-363FCE4427AA}"
EndProject
Project("{9A19103F-16F7-4668-BE54-9A1E7A4F7556}") = "LocalMemory", "Day 2\ThreadingAndSynchronization\LocalMemory\LocalMemory.csproj", "{02D0CFF7-1559-441D-AC61-792FB6B98D32}"
EndProject
Project("{9A19103F-16F7-4668-BE54-9A1E7A4F7556}") = "ThreadPoolDemo", "Day 2\ThreadingAndSynchronization\ThreadPoolDemo\ThreadPoolDemo.csproj", "{8AD202B4-24E0-41B0-A3CE-C39ADDF07D16}"
EndProject
Project("{9A19103F-16F7-4668-BE54-9A1E7A4F7556}") = "TaskIntroduction", "Day 2\ThreadingAndSynchronization\TaskIntroduction\TaskIntroduction.csproj", "{01D636CA-5CF2-4C3A-B8D0-A6FCF9B5ECDD}"
EndProject
Project("{9A19103F-16F7-4668-BE54-9A1E7A4F7556}") = "TasksIO", "Day 2\ThreadingAndSynchronization\TasksIO\TasksIO.csproj", "{1E952648-4557-47C8-B82F-14268A01B9F7}"
EndProject
Project("{9A19103F-16F7-4668-BE54-9A1E7A4F7556}") = "TaskChaining", "Day 2\ThreadingAndSynchronization\TaskChaining\TaskChaining.csproj", "{91221865-9A00-4EB0-85D2-B73BD13568EF}"
EndProject
Project("{9A19103F-16F7-4668-BE54-9A1E7A4F7556}") = "Cancellation", "Day 2\ThreadingAndSynchronization\Cancellation\Cancellation.csproj", "{B662C836-0B18-4C28-876A-EFE5F842D755}"
EndProject
Project("{FAE04EC0-301F-11D3-BF4B-00C04F79EFBC}") = "ThreadSafety", "Day 2\ThreadingAndSynchronization\ThreadSafety\ThreadSafety.csproj", "{D73E18C7-94C2-43D8-B747-6F7DD152497E}"
EndProject
Project("{FAE04EC0-301F-11D3-BF4B-00C04F79EFBC}") = "LocksAndMonitor", "Day 2\ThreadingAndSynchronization\LocksAndMonitor\LocksAndMonitor.csproj", "{9D699000-5DCD-47FF-8304-504B28E37675}"
EndProject
Project("{FAE04EC0-301F-11D3-BF4B-00C04F79EFBC}") = "MutexLock", "Day 2\ThreadingAndSynchronization\MutexLock\MutexLock.csproj", "{41F95364-3873-4A1B-940D-1B1671CA12B4}"
EndProject
Project("{FAE04EC0-301F-11D3-BF4B-00C04F79EFBC}") = "Concepts", "Day 2\ThreadingAndSynchronization\Concepts\Concepts.csproj", "{D1473D2F-4376-4339-A4F0-382804A8FD4A}"
EndProject
Project("{FAE04EC0-301F-11D3-BF4B-00C04F79EFBC}") = "Deadlocks", "Day 2\ThreadingAndSynchronization\Deadlocks\Deadlocks.csproj", "{F5CC4D96-4EAD-4C91-B740-CBCECFC902A0}"
EndProject
Project("{FAE04EC0-301F-11D3-BF4B-00C04F79EFBC}") = "ReaderWriterLocks", "Day 2\ThreadingAndSynchronization\ReaderWriterLocks\ReaderWriterLocks.csproj", "{10BD7E0D-781F-46AF-9AA5-B22A6256DE96}"
EndProject
Project("{FAE04EC0-301F-11D3-BF4B-00C04F79EFBC}") = "Semaphores", "Day 2\ThreadingAndSynchronization\Semaphores\Semaphores.csproj", "{D22811C6-7F00-4F4B-91EB-C11A37E0DBF9}"
EndProject
Global
	GlobalSection(SolutionConfigurationPlatforms) = preSolution
		Debug|Any CPU = Debug|Any CPU
		Release|Any CPU = Release|Any CPU
	EndGlobalSection
	GlobalSection(ProjectConfigurationPlatforms) = postSolution
		{B8F3E337-D7C5-4062-A9AF-E1D6EB3B309C}.Debug|Any CPU.ActiveCfg = Debug|Any CPU
		{B8F3E337-D7C5-4062-A9AF-E1D6EB3B309C}.Debug|Any CPU.Build.0 = Debug|Any CPU
		{B8F3E337-D7C5-4062-A9AF-E1D6EB3B309C}.Release|Any CPU.ActiveCfg = Release|Any CPU
		{B8F3E337-D7C5-4062-A9AF-E1D6EB3B309C}.Release|Any CPU.Build.0 = Release|Any CPU
		{E9EAB2BE-28BB-4A25-BC2F-3C82EFA8FDD1}.Debug|Any CPU.ActiveCfg = Debug|Any CPU
		{E9EAB2BE-28BB-4A25-BC2F-3C82EFA8FDD1}.Debug|Any CPU.Build.0 = Debug|Any CPU
		{E9EAB2BE-28BB-4A25-BC2F-3C82EFA8FDD1}.Release|Any CPU.ActiveCfg = Release|Any CPU
		{E9EAB2BE-28BB-4A25-BC2F-3C82EFA8FDD1}.Release|Any CPU.Build.0 = Release|Any CPU
		{8A0F304B-3B45-4E20-9CAF-012FF08BDFEC}.Debug|Any CPU.ActiveCfg = Debug|Any CPU
		{8A0F304B-3B45-4E20-9CAF-012FF08BDFEC}.Debug|Any CPU.Build.0 = Debug|Any CPU
		{8A0F304B-3B45-4E20-9CAF-012FF08BDFEC}.Release|Any CPU.ActiveCfg = Release|Any CPU
		{8A0F304B-3B45-4E20-9CAF-012FF08BDFEC}.Release|Any CPU.Build.0 = Release|Any CPU
		{314ABDA5-9ABD-4EC6-9A6B-63B3358DCF45}.Debug|Any CPU.ActiveCfg = Debug|Any CPU
		{314ABDA5-9ABD-4EC6-9A6B-63B3358DCF45}.Debug|Any CPU.Build.0 = Debug|Any CPU
		{314ABDA5-9ABD-4EC6-9A6B-63B3358DCF45}.Release|Any CPU.ActiveCfg = Release|Any CPU
		{314ABDA5-9ABD-4EC6-9A6B-63B3358DCF45}.Release|Any CPU.Build.0 = Release|Any CPU
		{6117BCEB-9732-4295-A7D0-8D71339EF83C}.Debug|Any CPU.ActiveCfg = Debug|Any CPU
		{6117BCEB-9732-4295-A7D0-8D71339EF83C}.Debug|Any CPU.Build.0 = Debug|Any CPU
		{6117BCEB-9732-4295-A7D0-8D71339EF83C}.Release|Any CPU.ActiveCfg = Release|Any CPU
		{6117BCEB-9732-4295-A7D0-8D71339EF83C}.Release|Any CPU.Build.0 = Release|Any CPU
		{86B66F5B-992E-4FDE-A5FA-77262EB2EC9F}.Debug|Any CPU.ActiveCfg = Debug|Any CPU
		{86B66F5B-992E-4FDE-A5FA-77262EB2EC9F}.Debug|Any CPU.Build.0 = Debug|Any CPU
		{86B66F5B-992E-4FDE-A5FA-77262EB2EC9F}.Release|Any CPU.ActiveCfg = Release|Any CPU
		{86B66F5B-992E-4FDE-A5FA-77262EB2EC9F}.Release|Any CPU.Build.0 = Release|Any CPU
		{A8DA0C98-BC43-4877-AB7B-FE79A9ECDAED}.Debug|Any CPU.ActiveCfg = Debug|Any CPU
		{A8DA0C98-BC43-4877-AB7B-FE79A9ECDAED}.Debug|Any CPU.Build.0 = Debug|Any CPU
		{A8DA0C98-BC43-4877-AB7B-FE79A9ECDAED}.Release|Any CPU.ActiveCfg = Release|Any CPU
		{A8DA0C98-BC43-4877-AB7B-FE79A9ECDAED}.Release|Any CPU.Build.0 = Release|Any CPU
		{D680E909-2CD8-4572-9973-E71D7E04D75A}.Debug|Any CPU.ActiveCfg = Debug|Any CPU
		{D680E909-2CD8-4572-9973-E71D7E04D75A}.Debug|Any CPU.Build.0 = Debug|Any CPU
		{D680E909-2CD8-4572-9973-E71D7E04D75A}.Release|Any CPU.ActiveCfg = Release|Any CPU
		{D680E909-2CD8-4572-9973-E71D7E04D75A}.Release|Any CPU.Build.0 = Release|Any CPU
		{FAAEF5D1-66EE-48FE-BFA6-2334EE2A850C}.Debug|Any CPU.ActiveCfg = Debug|Any CPU
		{FAAEF5D1-66EE-48FE-BFA6-2334EE2A850C}.Debug|Any CPU.Build.0 = Debug|Any CPU
		{FAAEF5D1-66EE-48FE-BFA6-2334EE2A850C}.Release|Any CPU.ActiveCfg = Release|Any CPU
		{FAAEF5D1-66EE-48FE-BFA6-2334EE2A850C}.Release|Any CPU.Build.0 = Release|Any CPU
		{C2631AC6-1DA5-4BCE-BE8D-7C8B3B8AC63A}.Debug|Any CPU.ActiveCfg = Debug|Any CPU
		{C2631AC6-1DA5-4BCE-BE8D-7C8B3B8AC63A}.Debug|Any CPU.Build.0 = Debug|Any CPU
		{C2631AC6-1DA5-4BCE-BE8D-7C8B3B8AC63A}.Release|Any CPU.ActiveCfg = Release|Any CPU
		{C2631AC6-1DA5-4BCE-BE8D-7C8B3B8AC63A}.Release|Any CPU.Build.0 = Release|Any CPU
		{E5E2E767-43DB-4BEB-94E6-1EA9A2DEC7FC}.Debug|Any CPU.ActiveCfg = Debug|Any CPU
		{E5E2E767-43DB-4BEB-94E6-1EA9A2DEC7FC}.Debug|Any CPU.Build.0 = Debug|Any CPU
		{E5E2E767-43DB-4BEB-94E6-1EA9A2DEC7FC}.Release|Any CPU.ActiveCfg = Release|Any CPU
		{E5E2E767-43DB-4BEB-94E6-1EA9A2DEC7FC}.Release|Any CPU.Build.0 = Release|Any CPU
		{D834753D-FED5-4C75-BBC0-11729F8B1B0E}.Debug|Any CPU.ActiveCfg = Debug|Any CPU
		{D834753D-FED5-4C75-BBC0-11729F8B1B0E}.Debug|Any CPU.Build.0 = Debug|Any CPU
		{D834753D-FED5-4C75-BBC0-11729F8B1B0E}.Release|Any CPU.ActiveCfg = Release|Any CPU
		{D834753D-FED5-4C75-BBC0-11729F8B1B0E}.Release|Any CPU.Build.0 = Release|Any CPU
		{93B9071C-CEC6-44F8-AF14-93BC2165BCF0}.Debug|Any CPU.ActiveCfg = Debug|Any CPU
		{93B9071C-CEC6-44F8-AF14-93BC2165BCF0}.Debug|Any CPU.Build.0 = Debug|Any CPU
		{93B9071C-CEC6-44F8-AF14-93BC2165BCF0}.Release|Any CPU.ActiveCfg = Release|Any CPU
		{93B9071C-CEC6-44F8-AF14-93BC2165BCF0}.Release|Any CPU.Build.0 = Release|Any CPU
		{CBB53D74-3139-4AC6-8EA5-388F8A779BF4}.Debug|Any CPU.ActiveCfg = Debug|Any CPU
		{CBB53D74-3139-4AC6-8EA5-388F8A779BF4}.Debug|Any CPU.Build.0 = Debug|Any CPU
		{CBB53D74-3139-4AC6-8EA5-388F8A779BF4}.Release|Any CPU.ActiveCfg = Release|Any CPU
		{CBB53D74-3139-4AC6-8EA5-388F8A779BF4}.Release|Any CPU.Build.0 = Release|Any CPU
		{F66FAA4B-55CF-49DF-9CEA-D1384735000C}.Debug|Any CPU.ActiveCfg = Debug|Any CPU
		{F66FAA4B-55CF-49DF-9CEA-D1384735000C}.Debug|Any CPU.Build.0 = Debug|Any CPU
		{F66FAA4B-55CF-49DF-9CEA-D1384735000C}.Release|Any CPU.ActiveCfg = Release|Any CPU
		{F66FAA4B-55CF-49DF-9CEA-D1384735000C}.Release|Any CPU.Build.0 = Release|Any CPU
		{E00C48BE-0D57-40D8-AFEA-01DAE21973BB}.Debug|Any CPU.ActiveCfg = Debug|Any CPU
		{E00C48BE-0D57-40D8-AFEA-01DAE21973BB}.Debug|Any CPU.Build.0 = Debug|Any CPU
		{E00C48BE-0D57-40D8-AFEA-01DAE21973BB}.Release|Any CPU.ActiveCfg = Release|Any CPU
		{E00C48BE-0D57-40D8-AFEA-01DAE21973BB}.Release|Any CPU.Build.0 = Release|Any CPU
		{2FC4E2E5-C3F6-43F0-B0F9-82EBC1CF03A6}.Debug|Any CPU.ActiveCfg = Debug|Any CPU
		{2FC4E2E5-C3F6-43F0-B0F9-82EBC1CF03A6}.Debug|Any CPU.Build.0 = Debug|Any CPU
		{2FC4E2E5-C3F6-43F0-B0F9-82EBC1CF03A6}.Release|Any CPU.ActiveCfg = Release|Any CPU
		{2FC4E2E5-C3F6-43F0-B0F9-82EBC1CF03A6}.Release|Any CPU.Build.0 = Release|Any CPU
		{4635D1DA-879A-4B81-8B6B-3998D5CA18E8}.Debug|Any CPU.ActiveCfg = Debug|Any CPU
		{4635D1DA-879A-4B81-8B6B-3998D5CA18E8}.Debug|Any CPU.Build.0 = Debug|Any CPU
		{4635D1DA-879A-4B81-8B6B-3998D5CA18E8}.Release|Any CPU.ActiveCfg = Release|Any CPU
		{4635D1DA-879A-4B81-8B6B-3998D5CA18E8}.Release|Any CPU.Build.0 = Release|Any CPU
		{832B09D9-1343-42B2-A52E-EE1F092705CD}.Debug|Any CPU.ActiveCfg = Debug|Any CPU
		{832B09D9-1343-42B2-A52E-EE1F092705CD}.Debug|Any CPU.Build.0 = Debug|Any CPU
		{832B09D9-1343-42B2-A52E-EE1F092705CD}.Release|Any CPU.ActiveCfg = Release|Any CPU
		{832B09D9-1343-42B2-A52E-EE1F092705CD}.Release|Any CPU.Build.0 = Release|Any CPU
		{5F4EB054-0297-4EA2-970A-A6E2F422B5A6}.Debug|Any CPU.ActiveCfg = Debug|Any CPU
		{5F4EB054-0297-4EA2-970A-A6E2F422B5A6}.Debug|Any CPU.Build.0 = Debug|Any CPU
		{5F4EB054-0297-4EA2-970A-A6E2F422B5A6}.Release|Any CPU.ActiveCfg = Release|Any CPU
		{5F4EB054-0297-4EA2-970A-A6E2F422B5A6}.Release|Any CPU.Build.0 = Release|Any CPU
		{F0C9D68C-482A-41F6-826A-D7EDCCC63902}.Debug|Any CPU.ActiveCfg = Debug|Any CPU
		{F0C9D68C-482A-41F6-826A-D7EDCCC63902}.Debug|Any CPU.Build.0 = Debug|Any CPU
		{F0C9D68C-482A-41F6-826A-D7EDCCC63902}.Release|Any CPU.ActiveCfg = Release|Any CPU
		{F0C9D68C-482A-41F6-826A-D7EDCCC63902}.Release|Any CPU.Build.0 = Release|Any CPU
		{17385BE9-333F-4134-B4EB-287B43109925}.Debug|Any CPU.ActiveCfg = Debug|Any CPU
		{17385BE9-333F-4134-B4EB-287B43109925}.Debug|Any CPU.Build.0 = Debug|Any CPU
		{17385BE9-333F-4134-B4EB-287B43109925}.Release|Any CPU.ActiveCfg = Release|Any CPU
		{17385BE9-333F-4134-B4EB-287B43109925}.Release|Any CPU.Build.0 = Release|Any CPU
		{BEA449C6-2ED5-4EE6-8EC5-E0ED2D907713}.Debug|Any CPU.ActiveCfg = Debug|Any CPU
		{BEA449C6-2ED5-4EE6-8EC5-E0ED2D907713}.Debug|Any CPU.Build.0 = Debug|Any CPU
		{BEA449C6-2ED5-4EE6-8EC5-E0ED2D907713}.Release|Any CPU.ActiveCfg = Release|Any CPU
		{BEA449C6-2ED5-4EE6-8EC5-E0ED2D907713}.Release|Any CPU.Build.0 = Release|Any CPU
		{6F687834-FF33-4502-89FE-35D9C8EE2A22}.Debug|Any CPU.ActiveCfg = Debug|Any CPU
		{6F687834-FF33-4502-89FE-35D9C8EE2A22}.Debug|Any CPU.Build.0 = Debug|Any CPU
		{6F687834-FF33-4502-89FE-35D9C8EE2A22}.Release|Any CPU.ActiveCfg = Release|Any CPU
		{6F687834-FF33-4502-89FE-35D9C8EE2A22}.Release|Any CPU.Build.0 = Release|Any CPU
		{BF9296F8-3086-4885-A657-8D8DEF90E990}.Debug|Any CPU.ActiveCfg = Debug|Any CPU
		{BF9296F8-3086-4885-A657-8D8DEF90E990}.Debug|Any CPU.Build.0 = Debug|Any CPU
		{BF9296F8-3086-4885-A657-8D8DEF90E990}.Release|Any CPU.ActiveCfg = Release|Any CPU
		{BF9296F8-3086-4885-A657-8D8DEF90E990}.Release|Any CPU.Build.0 = Release|Any CPU
		{DF73D64C-DF27-4DCE-B7A6-DB6AD832321C}.Debug|Any CPU.ActiveCfg = Debug|Any CPU
		{DF73D64C-DF27-4DCE-B7A6-DB6AD832321C}.Debug|Any CPU.Build.0 = Debug|Any CPU
		{DF73D64C-DF27-4DCE-B7A6-DB6AD832321C}.Release|Any CPU.ActiveCfg = Release|Any CPU
		{DF73D64C-DF27-4DCE-B7A6-DB6AD832321C}.Release|Any CPU.Build.0 = Release|Any CPU
		{9CF1BD46-33BC-43A2-8FC0-67C1F9602F69}.Debug|Any CPU.ActiveCfg = Debug|Any CPU
		{9CF1BD46-33BC-43A2-8FC0-67C1F9602F69}.Debug|Any CPU.Build.0 = Debug|Any CPU
		{9CF1BD46-33BC-43A2-8FC0-67C1F9602F69}.Release|Any CPU.ActiveCfg = Release|Any CPU
		{9CF1BD46-33BC-43A2-8FC0-67C1F9602F69}.Release|Any CPU.Build.0 = Release|Any CPU
		{03AB921E-BB04-4160-9C4C-3A92DF3E816E}.Debug|Any CPU.ActiveCfg = Debug|Any CPU
		{03AB921E-BB04-4160-9C4C-3A92DF3E816E}.Debug|Any CPU.Build.0 = Debug|Any CPU
		{03AB921E-BB04-4160-9C4C-3A92DF3E816E}.Release|Any CPU.ActiveCfg = Release|Any CPU
		{03AB921E-BB04-4160-9C4C-3A92DF3E816E}.Release|Any CPU.Build.0 = Release|Any CPU
		{C6E4307C-BB7E-4540-BF3F-D0BE7B52D36E}.Debug|Any CPU.ActiveCfg = Debug|Any CPU
		{C6E4307C-BB7E-4540-BF3F-D0BE7B52D36E}.Debug|Any CPU.Build.0 = Debug|Any CPU
		{C6E4307C-BB7E-4540-BF3F-D0BE7B52D36E}.Release|Any CPU.ActiveCfg = Release|Any CPU
		{C6E4307C-BB7E-4540-BF3F-D0BE7B52D36E}.Release|Any CPU.Build.0 = Release|Any CPU
		{1438BDA9-8C9C-4066-90BF-CD5D21B223C3}.Debug|Any CPU.ActiveCfg = Debug|Any CPU
		{1438BDA9-8C9C-4066-90BF-CD5D21B223C3}.Debug|Any CPU.Build.0 = Debug|Any CPU
		{1438BDA9-8C9C-4066-90BF-CD5D21B223C3}.Release|Any CPU.ActiveCfg = Release|Any CPU
		{1438BDA9-8C9C-4066-90BF-CD5D21B223C3}.Release|Any CPU.Build.0 = Release|Any CPU
		{63495634-C2B4-4446-9D16-1A38A2BD9EC9}.Debug|Any CPU.ActiveCfg = Debug|Any CPU
		{63495634-C2B4-4446-9D16-1A38A2BD9EC9}.Debug|Any CPU.Build.0 = Debug|Any CPU
		{63495634-C2B4-4446-9D16-1A38A2BD9EC9}.Release|Any CPU.ActiveCfg = Release|Any CPU
		{63495634-C2B4-4446-9D16-1A38A2BD9EC9}.Release|Any CPU.Build.0 = Release|Any CPU
		{8D5B745E-F57C-4E41-A1D3-0592D32624F2}.Debug|Any CPU.ActiveCfg = Debug|Any CPU
		{8D5B745E-F57C-4E41-A1D3-0592D32624F2}.Debug|Any CPU.Build.0 = Debug|Any CPU
		{8D5B745E-F57C-4E41-A1D3-0592D32624F2}.Release|Any CPU.ActiveCfg = Release|Any CPU
		{8D5B745E-F57C-4E41-A1D3-0592D32624F2}.Release|Any CPU.Build.0 = Release|Any CPU
		{B335BC93-4411-472D-A2F9-4B0D3F80460B}.Debug|Any CPU.ActiveCfg = Debug|Any CPU
		{B335BC93-4411-472D-A2F9-4B0D3F80460B}.Debug|Any CPU.Build.0 = Debug|Any CPU
		{B335BC93-4411-472D-A2F9-4B0D3F80460B}.Release|Any CPU.ActiveCfg = Release|Any CPU
		{B335BC93-4411-472D-A2F9-4B0D3F80460B}.Release|Any CPU.Build.0 = Release|Any CPU
		{AC6E0420-D04A-49B6-A269-63A4D13D7B0E}.Debug|Any CPU.ActiveCfg = Debug|Any CPU
		{AC6E0420-D04A-49B6-A269-63A4D13D7B0E}.Debug|Any CPU.Build.0 = Debug|Any CPU
		{AC6E0420-D04A-49B6-A269-63A4D13D7B0E}.Release|Any CPU.ActiveCfg = Release|Any CPU
		{AC6E0420-D04A-49B6-A269-63A4D13D7B0E}.Release|Any CPU.Build.0 = Release|Any CPU
		{01789009-F4F5-433D-8325-1D103373DF61}.Debug|Any CPU.ActiveCfg = Debug|Any CPU
		{01789009-F4F5-433D-8325-1D103373DF61}.Debug|Any CPU.Build.0 = Debug|Any CPU
		{01789009-F4F5-433D-8325-1D103373DF61}.Release|Any CPU.ActiveCfg = Release|Any CPU
		{01789009-F4F5-433D-8325-1D103373DF61}.Release|Any CPU.Build.0 = Release|Any CPU
		{3EEF1A29-F624-40B5-A735-DB467076FE1E}.Debug|Any CPU.ActiveCfg = Debug|Any CPU
		{3EEF1A29-F624-40B5-A735-DB467076FE1E}.Debug|Any CPU.Build.0 = Debug|Any CPU
		{3EEF1A29-F624-40B5-A735-DB467076FE1E}.Release|Any CPU.ActiveCfg = Release|Any CPU
		{3EEF1A29-F624-40B5-A735-DB467076FE1E}.Release|Any CPU.Build.0 = Release|Any CPU
		{AD506BE4-43CE-42C6-B509-FBBB74A6DEF9}.Debug|Any CPU.ActiveCfg = Debug|Any CPU
		{AD506BE4-43CE-42C6-B509-FBBB74A6DEF9}.Debug|Any CPU.Build.0 = Debug|Any CPU
		{AD506BE4-43CE-42C6-B509-FBBB74A6DEF9}.Release|Any CPU.ActiveCfg = Release|Any CPU
		{AD506BE4-43CE-42C6-B509-FBBB74A6DEF9}.Release|Any CPU.Build.0 = Release|Any CPU
		{A9CD14D7-339A-454F-954C-2B720AD2E54C}.Debug|Any CPU.ActiveCfg = Debug|Any CPU
		{A9CD14D7-339A-454F-954C-2B720AD2E54C}.Debug|Any CPU.Build.0 = Debug|Any CPU
		{A9CD14D7-339A-454F-954C-2B720AD2E54C}.Release|Any CPU.ActiveCfg = Release|Any CPU
		{A9CD14D7-339A-454F-954C-2B720AD2E54C}.Release|Any CPU.Build.0 = Release|Any CPU
		{78DE87DC-2117-4378-B682-9959F99FD18C}.Debug|Any CPU.ActiveCfg = Debug|Any CPU
		{78DE87DC-2117-4378-B682-9959F99FD18C}.Debug|Any CPU.Build.0 = Debug|Any CPU
		{78DE87DC-2117-4378-B682-9959F99FD18C}.Release|Any CPU.ActiveCfg = Release|Any CPU
		{78DE87DC-2117-4378-B682-9959F99FD18C}.Release|Any CPU.Build.0 = Release|Any CPU
		{E92277B6-5808-4754-B00A-5A831106BC83}.Debug|Any CPU.ActiveCfg = Debug|Any CPU
		{E92277B6-5808-4754-B00A-5A831106BC83}.Debug|Any CPU.Build.0 = Debug|Any CPU
		{E92277B6-5808-4754-B00A-5A831106BC83}.Release|Any CPU.ActiveCfg = Release|Any CPU
		{E92277B6-5808-4754-B00A-5A831106BC83}.Release|Any CPU.Build.0 = Release|Any CPU
		{3635CED2-94CB-4E5E-A31A-363FCE4427AA}.Debug|Any CPU.ActiveCfg = Debug|Any CPU
		{3635CED2-94CB-4E5E-A31A-363FCE4427AA}.Debug|Any CPU.Build.0 = Debug|Any CPU
		{3635CED2-94CB-4E5E-A31A-363FCE4427AA}.Release|Any CPU.ActiveCfg = Release|Any CPU
		{3635CED2-94CB-4E5E-A31A-363FCE4427AA}.Release|Any CPU.Build.0 = Release|Any CPU
		{02D0CFF7-1559-441D-AC61-792FB6B98D32}.Debug|Any CPU.ActiveCfg = Debug|Any CPU
		{02D0CFF7-1559-441D-AC61-792FB6B98D32}.Debug|Any CPU.Build.0 = Debug|Any CPU
		{02D0CFF7-1559-441D-AC61-792FB6B98D32}.Release|Any CPU.ActiveCfg = Release|Any CPU
		{02D0CFF7-1559-441D-AC61-792FB6B98D32}.Release|Any CPU.Build.0 = Release|Any CPU
		{8AD202B4-24E0-41B0-A3CE-C39ADDF07D16}.Debug|Any CPU.ActiveCfg = Debug|Any CPU
		{8AD202B4-24E0-41B0-A3CE-C39ADDF07D16}.Debug|Any CPU.Build.0 = Debug|Any CPU
		{8AD202B4-24E0-41B0-A3CE-C39ADDF07D16}.Release|Any CPU.ActiveCfg = Release|Any CPU
		{8AD202B4-24E0-41B0-A3CE-C39ADDF07D16}.Release|Any CPU.Build.0 = Release|Any CPU
		{01D636CA-5CF2-4C3A-B8D0-A6FCF9B5ECDD}.Debug|Any CPU.ActiveCfg = Debug|Any CPU
		{01D636CA-5CF2-4C3A-B8D0-A6FCF9B5ECDD}.Debug|Any CPU.Build.0 = Debug|Any CPU
		{01D636CA-5CF2-4C3A-B8D0-A6FCF9B5ECDD}.Release|Any CPU.ActiveCfg = Release|Any CPU
		{01D636CA-5CF2-4C3A-B8D0-A6FCF9B5ECDD}.Release|Any CPU.Build.0 = Release|Any CPU
		{1E952648-4557-47C8-B82F-14268A01B9F7}.Debug|Any CPU.ActiveCfg = Debug|Any CPU
		{1E952648-4557-47C8-B82F-14268A01B9F7}.Debug|Any CPU.Build.0 = Debug|Any CPU
		{1E952648-4557-47C8-B82F-14268A01B9F7}.Release|Any CPU.ActiveCfg = Release|Any CPU
		{1E952648-4557-47C8-B82F-14268A01B9F7}.Release|Any CPU.Build.0 = Release|Any CPU
		{91221865-9A00-4EB0-85D2-B73BD13568EF}.Debug|Any CPU.ActiveCfg = Debug|Any CPU
		{91221865-9A00-4EB0-85D2-B73BD13568EF}.Debug|Any CPU.Build.0 = Debug|Any CPU
		{91221865-9A00-4EB0-85D2-B73BD13568EF}.Release|Any CPU.ActiveCfg = Release|Any CPU
		{91221865-9A00-4EB0-85D2-B73BD13568EF}.Release|Any CPU.Build.0 = Release|Any CPU
		{B662C836-0B18-4C28-876A-EFE5F842D755}.Debug|Any CPU.ActiveCfg = Debug|Any CPU
		{B662C836-0B18-4C28-876A-EFE5F842D755}.Debug|Any CPU.Build.0 = Debug|Any CPU
		{B662C836-0B18-4C28-876A-EFE5F842D755}.Release|Any CPU.ActiveCfg = Release|Any CPU
		{B662C836-0B18-4C28-876A-EFE5F842D755}.Release|Any CPU.Build.0 = Release|Any CPU
		{D73E18C7-94C2-43D8-B747-6F7DD152497E}.Debug|Any CPU.ActiveCfg = Debug|Any CPU
		{D73E18C7-94C2-43D8-B747-6F7DD152497E}.Debug|Any CPU.Build.0 = Debug|Any CPU
		{D73E18C7-94C2-43D8-B747-6F7DD152497E}.Release|Any CPU.ActiveCfg = Release|Any CPU
		{D73E18C7-94C2-43D8-B747-6F7DD152497E}.Release|Any CPU.Build.0 = Release|Any CPU
		{9D699000-5DCD-47FF-8304-504B28E37675}.Debug|Any CPU.ActiveCfg = Debug|Any CPU
		{9D699000-5DCD-47FF-8304-504B28E37675}.Debug|Any CPU.Build.0 = Debug|Any CPU
		{9D699000-5DCD-47FF-8304-504B28E37675}.Release|Any CPU.ActiveCfg = Release|Any CPU
		{9D699000-5DCD-47FF-8304-504B28E37675}.Release|Any CPU.Build.0 = Release|Any CPU
		{41F95364-3873-4A1B-940D-1B1671CA12B4}.Debug|Any CPU.ActiveCfg = Debug|Any CPU
		{41F95364-3873-4A1B-940D-1B1671CA12B4}.Debug|Any CPU.Build.0 = Debug|Any CPU
		{41F95364-3873-4A1B-940D-1B1671CA12B4}.Release|Any CPU.ActiveCfg = Release|Any CPU
		{41F95364-3873-4A1B-940D-1B1671CA12B4}.Release|Any CPU.Build.0 = Release|Any CPU
		{D1473D2F-4376-4339-A4F0-382804A8FD4A}.Debug|Any CPU.ActiveCfg = Debug|Any CPU
		{D1473D2F-4376-4339-A4F0-382804A8FD4A}.Debug|Any CPU.Build.0 = Debug|Any CPU
		{D1473D2F-4376-4339-A4F0-382804A8FD4A}.Release|Any CPU.ActiveCfg = Release|Any CPU
		{D1473D2F-4376-4339-A4F0-382804A8FD4A}.Release|Any CPU.Build.0 = Release|Any CPU
		{F5CC4D96-4EAD-4C91-B740-CBCECFC902A0}.Debug|Any CPU.ActiveCfg = Debug|Any CPU
		{F5CC4D96-4EAD-4C91-B740-CBCECFC902A0}.Debug|Any CPU.Build.0 = Debug|Any CPU
		{F5CC4D96-4EAD-4C91-B740-CBCECFC902A0}.Release|Any CPU.ActiveCfg = Release|Any CPU
		{F5CC4D96-4EAD-4C91-B740-CBCECFC902A0}.Release|Any CPU.Build.0 = Release|Any CPU
		{10BD7E0D-781F-46AF-9AA5-B22A6256DE96}.Debug|Any CPU.ActiveCfg = Debug|Any CPU
		{10BD7E0D-781F-46AF-9AA5-B22A6256DE96}.Debug|Any CPU.Build.0 = Debug|Any CPU
		{10BD7E0D-781F-46AF-9AA5-B22A6256DE96}.Release|Any CPU.ActiveCfg = Release|Any CPU
		{10BD7E0D-781F-46AF-9AA5-B22A6256DE96}.Release|Any CPU.Build.0 = Release|Any CPU
		{D22811C6-7F00-4F4B-91EB-C11A37E0DBF9}.Debug|Any CPU.ActiveCfg = Debug|Any CPU
		{D22811C6-7F00-4F4B-91EB-C11A37E0DBF9}.Debug|Any CPU.Build.0 = Debug|Any CPU
		{D22811C6-7F00-4F4B-91EB-C11A37E0DBF9}.Release|Any CPU.ActiveCfg = Release|Any CPU
		{D22811C6-7F00-4F4B-91EB-C11A37E0DBF9}.Release|Any CPU.Build.0 = Release|Any CPU
	EndGlobalSection
	GlobalSection(SolutionProperties) = preSolution
		HideSolutionNode = FALSE
	EndGlobalSection
	GlobalSection(NestedProjects) = preSolution
		{15E87F0D-D8C5-452A-A039-5B4CA3760E2E} = {47B9A291-8BB6-404F-97DA-939FBB6EA61E}
		{8922BDA6-46F3-4839-A49D-A11AF4D07C0C} = {47B9A291-8BB6-404F-97DA-939FBB6EA61E}
		{3A04CB4C-FE58-4BB6-BD3C-71F81725004C} = {47B9A291-8BB6-404F-97DA-939FBB6EA61E}
		{A83F3454-3C06-4CFA-80A8-AEC88FB1FEA6} = {47B9A291-8BB6-404F-97DA-939FBB6EA61E}
		{B8F3E337-D7C5-4062-A9AF-E1D6EB3B309C} = {15E87F0D-D8C5-452A-A039-5B4CA3760E2E}
		{E9EAB2BE-28BB-4A25-BC2F-3C82EFA8FDD1} = {15E87F0D-D8C5-452A-A039-5B4CA3760E2E}
		{8A0F304B-3B45-4E20-9CAF-012FF08BDFEC} = {15E87F0D-D8C5-452A-A039-5B4CA3760E2E}
		{314ABDA5-9ABD-4EC6-9A6B-63B3358DCF45} = {8922BDA6-46F3-4839-A49D-A11AF4D07C0C}
		{6117BCEB-9732-4295-A7D0-8D71339EF83C} = {8922BDA6-46F3-4839-A49D-A11AF4D07C0C}
		{86B66F5B-992E-4FDE-A5FA-77262EB2EC9F} = {3A04CB4C-FE58-4BB6-BD3C-71F81725004C}
		{A8DA0C98-BC43-4877-AB7B-FE79A9ECDAED} = {3A04CB4C-FE58-4BB6-BD3C-71F81725004C}
		{D680E909-2CD8-4572-9973-E71D7E04D75A} = {A83F3454-3C06-4CFA-80A8-AEC88FB1FEA6}
		{FAAEF5D1-66EE-48FE-BFA6-2334EE2A850C} = {A83F3454-3C06-4CFA-80A8-AEC88FB1FEA6}
		{C2631AC6-1DA5-4BCE-BE8D-7C8B3B8AC63A} = {A83F3454-3C06-4CFA-80A8-AEC88FB1FEA6}
		{77C3A982-84AC-4A58-BA3D-C98468FE1C9B} = {B8843880-FB1A-4CAA-AC4C-DA7B9A55DDFC}
		{86E23F8C-0838-45D1-A8AF-6A303B4D523A} = {B8843880-FB1A-4CAA-AC4C-DA7B9A55DDFC}
		{A566B0EA-AC31-4766-9397-C0221721AED4} = {B8843880-FB1A-4CAA-AC4C-DA7B9A55DDFC}
		{E5E2E767-43DB-4BEB-94E6-1EA9A2DEC7FC} = {77C3A982-84AC-4A58-BA3D-C98468FE1C9B}
		{D834753D-FED5-4C75-BBC0-11729F8B1B0E} = {77C3A982-84AC-4A58-BA3D-C98468FE1C9B}
		{93B9071C-CEC6-44F8-AF14-93BC2165BCF0} = {77C3A982-84AC-4A58-BA3D-C98468FE1C9B}
		{CBB53D74-3139-4AC6-8EA5-388F8A779BF4} = {77C3A982-84AC-4A58-BA3D-C98468FE1C9B}
		{F66FAA4B-55CF-49DF-9CEA-D1384735000C} = {77C3A982-84AC-4A58-BA3D-C98468FE1C9B}
		{E00C48BE-0D57-40D8-AFEA-01DAE21973BB} = {77C3A982-84AC-4A58-BA3D-C98468FE1C9B}
		{2FC4E2E5-C3F6-43F0-B0F9-82EBC1CF03A6} = {77C3A982-84AC-4A58-BA3D-C98468FE1C9B}
		{4635D1DA-879A-4B81-8B6B-3998D5CA18E8} = {A566B0EA-AC31-4766-9397-C0221721AED4}
		{832B09D9-1343-42B2-A52E-EE1F092705CD} = {A566B0EA-AC31-4766-9397-C0221721AED4}
		{5F4EB054-0297-4EA2-970A-A6E2F422B5A6} = {86E23F8C-0838-45D1-A8AF-6A303B4D523A}
		{F0C9D68C-482A-41F6-826A-D7EDCCC63902} = {86E23F8C-0838-45D1-A8AF-6A303B4D523A}
		{17385BE9-333F-4134-B4EB-287B43109925} = {86E23F8C-0838-45D1-A8AF-6A303B4D523A}
		{BEA449C6-2ED5-4EE6-8EC5-E0ED2D907713} = {86E23F8C-0838-45D1-A8AF-6A303B4D523A}
		{6F687834-FF33-4502-89FE-35D9C8EE2A22} = {77C3A982-84AC-4A58-BA3D-C98468FE1C9B}
		{FD247E36-7FAC-4856-A16A-10253667B9BE} = {FCDC190E-54A0-4FD9-9176-99F24510906A}
		{78847D30-740C-489D-8176-EADCEB0119C2} = {FCDC190E-54A0-4FD9-9176-99F24510906A}
		{03AF8772-896A-41DD-B141-A689CE63CD65} = {FCDC190E-54A0-4FD9-9176-99F24510906A}
		{48E836DE-AA98-40C5-A09A-0B3F781AE2B4} = {FCDC190E-54A0-4FD9-9176-99F24510906A}
		{BF9296F8-3086-4885-A657-8D8DEF90E990} = {FD247E36-7FAC-4856-A16A-10253667B9BE}
		{DF73D64C-DF27-4DCE-B7A6-DB6AD832321C} = {FD247E36-7FAC-4856-A16A-10253667B9BE}
		{9CF1BD46-33BC-43A2-8FC0-67C1F9602F69} = {78847D30-740C-489D-8176-EADCEB0119C2}
		{03AB921E-BB04-4160-9C4C-3A92DF3E816E} = {78847D30-740C-489D-8176-EADCEB0119C2}
		{C6E4307C-BB7E-4540-BF3F-D0BE7B52D36E} = {78847D30-740C-489D-8176-EADCEB0119C2}
		{1438BDA9-8C9C-4066-90BF-CD5D21B223C3} = {03AF8772-896A-41DD-B141-A689CE63CD65}
		{63495634-C2B4-4446-9D16-1A38A2BD9EC9} = {03AF8772-896A-41DD-B141-A689CE63CD65}
		{8D5B745E-F57C-4E41-A1D3-0592D32624F2} = {03AF8772-896A-41DD-B141-A689CE63CD65}
		{B335BC93-4411-472D-A2F9-4B0D3F80460B} = {03AF8772-896A-41DD-B141-A689CE63CD65}
		{AC6E0420-D04A-49B6-A269-63A4D13D7B0E} = {03AF8772-896A-41DD-B141-A689CE63CD65}
		{01789009-F4F5-433D-8325-1D103373DF61} = {03AF8772-896A-41DD-B141-A689CE63CD65}
		{3EEF1A29-F624-40B5-A735-DB467076FE1E} = {03AF8772-896A-41DD-B141-A689CE63CD65}
		{AD506BE4-43CE-42C6-B509-FBBB74A6DEF9} = {03AF8772-896A-41DD-B141-A689CE63CD65}
		{A9CD14D7-339A-454F-954C-2B720AD2E54C} = {03AF8772-896A-41DD-B141-A689CE63CD65}
		{78DE87DC-2117-4378-B682-9959F99FD18C} = {03AF8772-896A-41DD-B141-A689CE63CD65}
		{9861788C-2F85-4FA7-9108-EA0EA3C08E27} = {48E836DE-AA98-40C5-A09A-0B3F781AE2B4}
		{1E10DDA0-D6D8-4FBC-BEBD-92E7589CFEC1} = {48E836DE-AA98-40C5-A09A-0B3F781AE2B4}
		{F4DAE806-8F35-4F59-9BBB-5E58AE6AFFE7} = {48E836DE-AA98-40C5-A09A-0B3F781AE2B4}
		{E92277B6-5808-4754-B00A-5A831106BC83} = {86E23F8C-0838-45D1-A8AF-6A303B4D523A}
		{3635CED2-94CB-4E5E-A31A-363FCE4427AA} = {86E23F8C-0838-45D1-A8AF-6A303B4D523A}
		{02D0CFF7-1559-441D-AC61-792FB6B98D32} = {86E23F8C-0838-45D1-A8AF-6A303B4D523A}
		{8AD202B4-24E0-41B0-A3CE-C39ADDF07D16} = {86E23F8C-0838-45D1-A8AF-6A303B4D523A}
		{01D636CA-5CF2-4C3A-B8D0-A6FCF9B5ECDD} = {86E23F8C-0838-45D1-A8AF-6A303B4D523A}
		{1E952648-4557-47C8-B82F-14268A01B9F7} = {86E23F8C-0838-45D1-A8AF-6A303B4D523A}
		{91221865-9A00-4EB0-85D2-B73BD13568EF} = {86E23F8C-0838-45D1-A8AF-6A303B4D523A}
		{B662C836-0B18-4C28-876A-EFE5F842D755} = {86E23F8C-0838-45D1-A8AF-6A303B4D523A}
		{D73E18C7-94C2-43D8-B747-6F7DD152497E} = {86E23F8C-0838-45D1-A8AF-6A303B4D523A}
		{9D699000-5DCD-47FF-8304-504B28E37675} = {86E23F8C-0838-45D1-A8AF-6A303B4D523A}
		{41F95364-3873-4A1B-940D-1B1671CA12B4} = {86E23F8C-0838-45D1-A8AF-6A303B4D523A}
		{D1473D2F-4376-4339-A4F0-382804A8FD4A} = {86E23F8C-0838-45D1-A8AF-6A303B4D523A}
		{F5CC4D96-4EAD-4C91-B740-CBCECFC902A0} = {86E23F8C-0838-45D1-A8AF-6A303B4D523A}
		{10BD7E0D-781F-46AF-9AA5-B22A6256DE96} = {86E23F8C-0838-45D1-A8AF-6A303B4D523A}
		{D22811C6-7F00-4F4B-91EB-C11A37E0DBF9} = {86E23F8C-0838-45D1-A8AF-6A303B4D523A}
	EndGlobalSection
	GlobalSection(ExtensibilityGlobals) = postSolution
		SolutionGuid = {94C38009-4142-40ED-8A49-776D4F11EB37}
	EndGlobalSection
EndGlobal
